github.com/bwmarrin/discordgo v0.22.1 h1:254fNYyfqJWKbPzO5g8j/nUvRgj4dNlI19EB8rnkpt8=
github.com/bwmarrin/discordgo v0.22.1/go.mod h1:c1WtWUGN6nREDmzIpyTp/iD3VYt4Fpx+bVyfBG7JE+M=
github.com/google/flatbuffers v1.11.0/go.mod h1:1AeVuKshWv4vARoZatz6mlQ0JxURH0Kv5+zNeJKJCa8=
github.com/google/flatbuffers v1.12.0 h1:/PtAHvnBY4Kqnx/xCQ3OIV9uYcSFGScBsWI3Oogeh6w=
github.com/google/flatbuffers v1.12.0/go.mod h1:1AeVuKshWv4vARoZatz6mlQ0JxURH0Kv5+zNeJKJCa8=
github.com/gorilla/websocket v1.4.0/go.mod h1:E7qHFY5m1UJ88s3WnNqhKjPHQ0heANvMoAMk2YaljkQ=
github.com/gorilla/websocket v1.5.3 h1:saDtZ6Pbx/0u+bgYQ3q96pZgCzfhKXGPqt7kZ72aNNg=
github.com/gorilla/websocket v1.5.3/go.mod h1:YR8l580nyteQvAITg2hZ9XVh4b55+EU/adAjf1fMHhE=
github.com/objectbox/objectbox-generator v0.10.1/go.mod h1:2jUhmjcgZ/W2R1Hn+DsGYfo9GV0ffLtkipB27dJ13CI=
github.com/objectbox/objectbox-generator v0.11.0 h1:9uID1q4kbsHfKbvlu+1OfhNfQ0/TPlv3dk+UdDx++CM=
github.com/objectbox/objectbox-generator v0.11.0/go.mod h1:2jUhmjcgZ/W2R1Hn+DsGYfo9GV0ffLtkipB27dJ13CI=
github.com/objectbox/objectbox-go v1.2.0 h1:OlvtPkBKQ85FVPonSPPN20WxFlAdG19QFXheTGbj6VE=
github.com/objectbox/objectbox-go v1.2.0/go.mod h1:D2mb+hsqmVVO/kwr5Frqiq9h1eyiJDK8MVGuAKjvJ1M=
golang.org/x/crypto v0.0.0-20181030102418-4d3f4d9ffa16/go.mod h1:6SG95UA2DQfeDnfUPMdvaQW0Q7yPrPDi9nlGo2tz2b4=
golang.org/x/crypto v0.52.0 h1:RMs7fP2rXdep0CftQlK8Uf+kibLm7qkCcradZWYz988=
golang.org/x/crypto v0.52.0/go.mod h1:1QgfPxDqh0T2M/elOJtp9RvuR95kVjir0e6/BvEmGbc=
golang.org/x/sys v0.45.0 h1:dO4czNzziLiiXplLQgBCEpCvXQ3dnkn0SdaZSYdQ+FY=
golang.org/x/sys v0.45.0/go.mod h1:4GL1E5IUh+htKOUEOaiffhrAeqysfVGipDYzABqnCmw=
